
Microsoft Visual Studio Solution File, Format Version 12.00
# Visual Studio Version 17
VisualStudioVersion = 17.6.33815.320
MinimumVisualStudioVersion = 10.0.40219.1
Project("{FAE04EC0-301F-11D3-BF4B-00C04F79EFBC}") = "m3s02-auth", "m3s02-auth\m3s02-auth.csproj", "{C027534F-EB55-40FB-B3E8-2BB73375CBC7}"
EndProject
Global
	GlobalSection(SolutionConfigurationPlatforms) = preSolution
		Debug|Any CPU = Debug|Any CPU
		Release|Any CPU = Release|Any CPU
	EndGlobalSection
	GlobalSection(ProjectConfigurationPlatforms) = postSolution
		{C027534F-EB55-40FB-B3E8-2BB73375CBC7}.Debug|Any CPU.ActiveCfg = Debug|Any CPU
		{C027534F-EB55-40FB-B3E8-2BB73375CBC7}.Debug|Any CPU.Build.0 = Debug|Any CPU
		{C027534F-EB55-40FB-B3E8-2BB73375CBC7}.Release|Any CPU.ActiveCfg = Release|Any CPU
		{C027534F-EB55-40FB-B3E8-2BB73375CBC7}.Release|Any CPU.Build.0 = Release|Any CPU
	EndGlobalSection
	GlobalSection(SolutionProperties) = preSolution
		HideSolutionNode = FALSE
	EndGlobalSection
	GlobalSection(ExtensibilityGlobals) = postSolution
		SolutionGuid = {4DD767BF-4AB3-408B-99F4-40CED1A01258}
	EndGlobalSection
EndGlobal
